
Microsoft Visual Studio Solution File, Format Version 11.00
# Visual Studio 2010
Project("{FAE04EC0-301F-11D3-BF4B-00C04F79EFBC}") = "ComplexCPPNNEATSelection", "ComplexCPPNNEATSelection\ComplexCPPNNEATSelection.csproj", "{0677BC40-68CA-4195-83F5-3D0D1BB267C0}"
EndProject
Project("{FAE04EC0-301F-11D3-BF4B-00C04F79EFBC}") = "MandelbrotCPPNNEAT", "MandelbrotCPPNNEAT\MandelbrotCPPNNEAT.csproj", "{19EA8365-7B90-4BF2-9C05-D90B684318C4}"
EndProject
Project("{FAE04EC0-301F-11D3-BF4B-00C04F79EFBC}") = "CPPNNEAT", "..\CPPNNEAT\CPPNNEAT.csproj", "{9A081F3C-3C49-4195-9132-B6F5E97B8935}"
EndProject
Global
	GlobalSection(SolutionConfigurationPlatforms) = preSolution
		Debug|Any CPU = Debug|Any CPU
		Debug|Mixed Platforms = Debug|Mixed Platforms
		Debug|x64 = Debug|x64
		Debug|x86 = Debug|x86
		Release|Any CPU = Release|Any CPU
		Release|Mixed Platforms = Release|Mixed Platforms
		Release|x64 = Release|x64
		Release|x86 = Release|x86
	EndGlobalSection
	GlobalSection(ProjectConfigurationPlatforms) = postSolution
		{0677BC40-68CA-4195-83F5-3D0D1BB267C0}.Debug|Any CPU.ActiveCfg = Debug|x86
		{0677BC40-68CA-4195-83F5-3D0D1BB267C0}.Debug|Mixed Platforms.ActiveCfg = Debug|x86
		{0677BC40-68CA-4195-83F5-3D0D1BB267C0}.Debug|Mixed Platforms.Build.0 = Debug|x86
		{0677BC40-68CA-4195-83F5-3D0D1BB267C0}.Debug|x64.ActiveCfg = Debug|x86
		{0677BC40-68CA-4195-83F5-3D0D1BB267C0}.Debug|x86.ActiveCfg = Debug|x86
		{0677BC40-68CA-4195-83F5-3D0D1BB267C0}.Debug|x86.Build.0 = Debug|x86
		{0677BC40-68CA-4195-83F5-3D0D1BB267C0}.Release|Any CPU.ActiveCfg = Release|x86
		{0677BC40-68CA-4195-83F5-3D0D1BB267C0}.Release|Mixed Platforms.ActiveCfg = Release|x86
		{0677BC40-68CA-4195-83F5-3D0D1BB267C0}.Release|Mixed Platforms.Build.0 = Release|x86
		{0677BC40-68CA-4195-83F5-3D0D1BB267C0}.Release|x64.ActiveCfg = Release|x86
		{0677BC40-68CA-4195-83F5-3D0D1BB267C0}.Release|x86.ActiveCfg = Release|x86
		{0677BC40-68CA-4195-83F5-3D0D1BB267C0}.Release|x86.Build.0 = Release|x86
		{19EA8365-7B90-4BF2-9C05-D90B684318C4}.Debug|Any CPU.ActiveCfg = Debug|Any CPU
		{19EA8365-7B90-4BF2-9C05-D90B684318C4}.Debug|Any CPU.Build.0 = Debug|Any CPU
		{19EA8365-7B90-4BF2-9C05-D90B684318C4}.Debug|Mixed Platforms.ActiveCfg = Debug|Any CPU
		{19EA8365-7B90-4BF2-9C05-D90B684318C4}.Debug|Mixed Platforms.Build.0 = Debug|Any CPU
		{19EA8365-7B90-4BF2-9C05-D90B684318C4}.Debug|x64.ActiveCfg = Debug|Any CPU
		{19EA8365-7B90-4BF2-9C05-D90B684318C4}.Debug|x86.ActiveCfg = Debug|Any CPU
		{19EA8365-7B90-4BF2-9C05-D90B684318C4}.Release|Any CPU.ActiveCfg = Release|Any CPU
		{19EA8365-7B90-4BF2-9C05-D90B684318C4}.Release|Any CPU.Build.0 = Release|Any CPU
		{19EA8365-7B90-4BF2-9C05-D90B684318C4}.Release|Mixed Platforms.ActiveCfg = Release|Any CPU
		{19EA8365-7B90-4BF2-9C05-D90B684318C4}.Release|Mixed Platforms.Build.0 = Release|Any CPU
		{19EA8365-7B90-4BF2-9C05-D90B684318C4}.Release|x64.ActiveCfg = Release|Any CPU
		{19EA8365-7B90-4BF2-9C05-D90B684318C4}.Release|x86.ActiveCfg = Release|Any CPU
		{9A081F3C-3C49-4195-9132-B6F5E97B8935}.Debug|Any CPU.ActiveCfg = Debug|Any CPU
		{9A081F3C-3C49-4195-9132-B6F5E97B8935}.Debug|Any CPU.Build.0 = Debug|Any CPU
		{9A081F3C-3C49-4195-9132-B6F5E97B8935}.Debug|Mixed Platforms.ActiveCfg = Debug|Any CPU
		{9A081F3C-3C49-4195-9132-B6F5E97B8935}.Debug|Mixed Platforms.Build.0 = Debug|Any CPU
		{9A081F3C-3C49-4195-9132-B6F5E97B8935}.Debug|x64.ActiveCfg = Debug|x64
		{9A081F3C-3C49-4195-9132-B6F5E97B8935}.Debug|x64.Build.0 = Debug|x64
		{9A081F3C-3C49-4195-9132-B6F5E97B8935}.Debug|x86.ActiveCfg = Debug|x64
		{9A081F3C-3C49-4195-9132-B6F5E97B8935}.Release|Any CPU.ActiveCfg = Release|Any CPU
		{9A081F3C-3C49-4195-9132-B6F5E97B8935}.Release|Any CPU.Build.0 = Release|Any CPU
		{9A081F3C-3C49-4195-9132-B6F5E97B8935}.Release|Mixed Platforms.ActiveCfg = Release|Any CPU
		{9A081F3C-3C49-4195-9132-B6F5E97B8935}.Release|Mixed Platforms.Build.0 = Release|Any CPU
		{9A081F3C-3C49-4195-9132-B6F5E97B8935}.Release|x64.ActiveCfg = Release|x64
		{9A081F3C-3C49-4195-9132-B6F5E97B8935}.Release|x64.Build.0 = Release|x64
		{9A081F3C-3C49-4195-9132-B6F5E97B8935}.Release|x86.ActiveCfg = Release|x64
	EndGlobalSection
	GlobalSection(SolutionProperties) = preSolution
		HideSolutionNode = FALSE
	EndGlobalSection
EndGlobal
